
Microsoft Visual Studio Solution File, Format Version 12.00
# Visual Studio Version 16
VisualStudioVersion = 16.0.28803.156
MinimumVisualStudioVersion = 10.0.40219.1
Project("{FAE04EC0-301F-11D3-BF4B-00C04F79EFBC}") = "HackathonMFClever", "HackathonMFClever.csproj", "{5F26C9C5-5577-40F2-ACB4-5BB6DA3C224A}"
EndProject
Global
	GlobalSection(SolutionConfigurationPlatforms) = preSolution
		Debug|Any CPU = Debug|Any CPU
		Release|Any CPU = Release|Any CPU
	EndGlobalSection
	GlobalSection(ProjectConfigurationPlatforms) = postSolution
		{5F26C9C5-5577-40F2-ACB4-5BB6DA3C224A}.Debug|Any CPU.ActiveCfg = Debug|Any CPU
		{5F26C9C5-5577-40F2-ACB4-5BB6DA3C224A}.Debug|Any CPU.Build.0 = Debug|Any CPU
		{5F26C9C5-5577-40F2-ACB4-5BB6DA3C224A}.Release|Any CPU.ActiveCfg = Release|Any CPU
		{5F26C9C5-5577-40F2-ACB4-5BB6DA3C224A}.Release|Any CPU.Build.0 = Release|Any CPU
	EndGlobalSection
	GlobalSection(SolutionProperties) = preSolution
		HideSolutionNode = FALSE
	EndGlobalSection
	GlobalSection(ExtensibilityGlobals) = postSolution
		SolutionGuid = {8C7AE179-3E70-4A72-B8B4-BC804E36B42D}
	EndGlobalSection
EndGlobal
